
Microsoft Visual Studio Solution File, Format Version 12.00
# Visual Studio Version 17
VisualStudioVersion = 17.7.34018.315
MinimumVisualStudioVersion = 10.0.40219.1
Project("{FAE04EC0-301F-11D3-BF4B-00C04F79EFBC}") = "Ex2_Heritage_VictorPholien", "Ex2_Heritage_VictorPholien\Ex2_Heritage_VictorPholien.csproj", "{18D7DE51-F68C-47F4-BCB5-37DD8216FCFB}"
EndProject
Global
	GlobalSection(SolutionConfigurationPlatforms) = preSolution
		Debug|Any CPU = Debug|Any CPU
		Release|Any CPU = Release|Any CPU
	EndGlobalSection
	GlobalSection(ProjectConfigurationPlatforms) = postSolution
		{18D7DE51-F68C-47F4-BCB5-37DD8216FCFB}.Debug|Any CPU.ActiveCfg = Debug|Any CPU
		{18D7DE51-F68C-47F4-BCB5-37DD8216FCFB}.Debug|Any CPU.Build.0 = Debug|Any CPU
		{18D7DE51-F68C-47F4-BCB5-37DD8216FCFB}.Release|Any CPU.ActiveCfg = Release|Any CPU
		{18D7DE51-F68C-47F4-BCB5-37DD8216FCFB}.Release|Any CPU.Build.0 = Release|Any CPU
	EndGlobalSection
	GlobalSection(SolutionProperties) = preSolution
		HideSolutionNode = FALSE
	EndGlobalSection
	GlobalSection(ExtensibilityGlobals) = postSolution
		SolutionGuid = {2971B6B2-358B-453B-85B6-90E30CBEABEC}
	EndGlobalSection
EndGlobal
